
Microsoft Visual Studio Solution File, Format Version 12.00
# Visual Studio Version 17
VisualStudioVersion = 17.9.34728.123
MinimumVisualStudioVersion = 10.0.40219.1
Project("{FAE04EC0-301F-11D3-BF4B-00C04F79EFBC}") = "NewsAPIMobilePark", "NewsAPIMobilePark.csproj", "{753C8A41-96F7-49D9-B724-695D4C270190}"
EndProject
Global
	GlobalSection(SolutionConfigurationPlatforms) = preSolution
		Debug|Any CPU = Debug|Any CPU
		Release|Any CPU = Release|Any CPU
	EndGlobalSection
	GlobalSection(ProjectConfigurationPlatforms) = postSolution
		{753C8A41-96F7-49D9-B724-695D4C270190}.Debug|Any CPU.ActiveCfg = Debug|Any CPU
		{753C8A41-96F7-49D9-B724-695D4C270190}.Debug|Any CPU.Build.0 = Debug|Any CPU
		{753C8A41-96F7-49D9-B724-695D4C270190}.Release|Any CPU.ActiveCfg = Release|Any CPU
		{753C8A41-96F7-49D9-B724-695D4C270190}.Release|Any CPU.Build.0 = Release|Any CPU
	EndGlobalSection
	GlobalSection(SolutionProperties) = preSolution
		HideSolutionNode = FALSE
	EndGlobalSection
	GlobalSection(ExtensibilityGlobals) = postSolution
		SolutionGuid = {0D895624-60C1-41C6-B975-40390D43C957}
	EndGlobalSection
EndGlobal
